Microsoft Visual Studio Solution File, Format Version 12.00
# Visual Studio 14
Project("{2150E333-8FDC-42A3-9474-1A3956D46DE8}") = "CMakePredefinedTargets", "CMakePredefinedTargets", "{0FF46F40-297F-3DE6-A30A-D5D9CE374B14}"
EndProject
Project("{2150E333-8FDC-42A3-9474-1A3956D46DE8}") = "GLFW3", "GLFW3", "{2F573DB4-15DC-314F-95E7-CB12DFC292FE}"
EndProject
Project("{2150E333-8FDC-42A3-9474-1A3956D46DE8}") = "Examples", "GLFW3\Examples", "{EF5645F1-C900-3B81-8E03-091C19E84528}"
EndProject
Project("{2150E333-8FDC-42A3-9474-1A3956D46DE8}") = "Tests", "GLFW3\Tests", "{033754FE-C5AB-3834-A843-F7E6C7A459F0}"
EndProject
Project("{8BC9CEB8-8B4A-11D0-8D11-00A0C91BC942}") = "ALL_BUILD", "ALL_BUILD.vcxproj", "{3EA93F6B-499F-34EA-AC76-C9702CA700A5}"
	ProjectSection(ProjectDependencies) = postProject
		{CD195A34-3CFC-3C67-AF47-9A541D17B590} = {CD195A34-3CFC-3C67-AF47-9A541D17B590}
		{16A90081-930C-3E93-9059-1B0AD50428C5} = {16A90081-930C-3E93-9059-1B0AD50428C5}
		{6729A5DE-DC52-3521-93AF-B90B647CF0B8} = {6729A5DE-DC52-3521-93AF-B90B647CF0B8}
		{52215E5B-924D-3A9D-AE64-9A7488660B57} = {52215E5B-924D-3A9D-AE64-9A7488660B57}
		{B7E5AD83-8840-3203-8072-D5F490C26370} = {B7E5AD83-8840-3203-8072-D5F490C26370}
		{2C2B672D-47DA-387A-BBDF-DCDB3DAD05FF} = {2C2B672D-47DA-387A-BBDF-DCDB3DAD05FF}
		{A97CE148-B471-32F8-BDB3-CCAFE2C5E1DD} = {A97CE148-B471-32F8-BDB3-CCAFE2C5E1DD}
		{C40A25E0-7144-338F-94F9-97351845BC06} = {C40A25E0-7144-338F-94F9-97351845BC06}
		{ED0F411B-0755-3511-8BD4-66DFC767F6B1} = {ED0F411B-0755-3511-8BD4-66DFC767F6B1}
		{251DBD77-4976-3840-AA00-8472EE0D7661} = {251DBD77-4976-3840-AA00-8472EE0D7661}
		{5A5125A2-14EC-3139-B421-6207B7C9D141} = {5A5125A2-14EC-3139-B421-6207B7C9D141}
		{2932494F-5478-35DD-A2AD-D5756FB8D574} = {2932494F-5478-35DD-A2AD-D5756FB8D574}
		{02513229-28D4-35FC-A1E0-A7D3E94C08A5} = {02513229-28D4-35FC-A1E0-A7D3E94C08A5}
		{F5C033DC-8FFB-36BB-95C9-84C949769753} = {F5C033DC-8FFB-36BB-95C9-84C949769753}
		{E9017E17-B68C-3B81-8863-25F710D97318} = {E9017E17-B68C-3B81-8863-25F710D97318}
		{DFA9C196-9EC9-3877-8C23-4233041CFB9E} = {DFA9C196-9EC9-3877-8C23-4233041CFB9E}
		{0CBCE9E0-A4FD-3170-8DCD-1AC3EE46D46D} = {0CBCE9E0-A4FD-3170-8DCD-1AC3EE46D46D}
		{13F0C87F-3B8A-39F5-BC47-0C2C3BE2943B} = {13F0C87F-3B8A-39F5-BC47-0C2C3BE2943B}
		{2FEFBA9C-310D-3B23-B60A-C60314DDE8E4} = {2FEFBA9C-310D-3B23-B60A-C60314DDE8E4}
		{20C7A16D-4849-31DB-82FE-7A0C11E48EF5} = {20C7A16D-4849-31DB-82FE-7A0C11E48EF5}
		{1714E434-C952-3355-89E5-B1DFEFF7AADB} = {1714E434-C952-3355-89E5-B1DFEFF7AADB}
		{6AB4A626-0EF5-39D5-90C9-4F6636D9B375} = {6AB4A626-0EF5-39D5-90C9-4F6636D9B375}
		{E9523262-5DB3-31BA-B47D-CAA5ACF1221F} = {E9523262-5DB3-31BA-B47D-CAA5ACF1221F}
		{7B9E85B5-2421-3487-8F54-66063D13B358} = {7B9E85B5-2421-3487-8F54-66063D13B358}
		{70B804F9-019C-31A9-9CC5-B66422B841BF} = {70B804F9-019C-31A9-9CC5-B66422B841BF}
		{48453D3B-E98F-3A95-A432-5124D2590BC2} = {48453D3B-E98F-3A95-A432-5124D2590BC2}
		{177D29C9-1AD6-3313-9AD0-BE2FEECDAD24} = {177D29C9-1AD6-3313-9AD0-BE2FEECDAD24}
	EndProjectSection
EndProject
Project("{8BC9CEB8-8B4A-11D0-8D11-00A0C91BC942}") = "INSTALL", "INSTALL.vcxproj", "{9F6FD2B3-2946-3DCE-8D30-38167C919FDB}"
	ProjectSection(ProjectDependencies) = postProject
		{3EA93F6B-499F-34EA-AC76-C9702CA700A5} = {3EA93F6B-499F-34EA-AC76-C9702CA700A5}
		{CD195A34-3CFC-3C67-AF47-9A541D17B590} = {CD195A34-3CFC-3C67-AF47-9A541D17B590}
	EndProjectSection
EndProject
Project("{8BC9CEB8-8B4A-11D0-8D11-00A0C91BC942}") = "ZERO_CHECK", "ZERO_CHECK.vcxproj", "{CD195A34-3CFC-3C67-AF47-9A541D17B590}"
	ProjectSection(ProjectDependencies) = postProject
	EndProjectSection
EndProject
Project("{8BC9CEB8-8B4A-11D0-8D11-00A0C91BC942}") = "boing", "examples\boing.vcxproj", "{16A90081-930C-3E93-9059-1B0AD50428C5}"
	ProjectSection(ProjectDependencies) = postProject
		{CD195A34-3CFC-3C67-AF47-9A541D17B590} = {CD195A34-3CFC-3C67-AF47-9A541D17B590}
		{ED0F411B-0755-3511-8BD4-66DFC767F6B1} = {ED0F411B-0755-3511-8BD4-66DFC767F6B1}
	EndProjectSection
EndProject
Project("{8BC9CEB8-8B4A-11D0-8D11-00A0C91BC942}") = "clipboard", "tests\clipboard.vcxproj", "{6729A5DE-DC52-3521-93AF-B90B647CF0B8}"
	ProjectSection(ProjectDependencies) = postProject
		{CD195A34-3CFC-3C67-AF47-9A541D17B590} = {CD195A34-3CFC-3C67-AF47-9A541D17B590}
		{ED0F411B-0755-3511-8BD4-66DFC767F6B1} = {ED0F411B-0755-3511-8BD4-66DFC767F6B1}
	EndProjectSection
EndProject
Project("{8BC9CEB8-8B4A-11D0-8D11-00A0C91BC942}") = "cursor", "tests\cursor.vcxproj", "{52215E5B-924D-3A9D-AE64-9A7488660B57}"
	ProjectSection(ProjectDependencies) = postProject
		{CD195A34-3CFC-3C67-AF47-9A541D17B590} = {CD195A34-3CFC-3C67-AF47-9A541D17B590}
		{ED0F411B-0755-3511-8BD4-66DFC767F6B1} = {ED0F411B-0755-3511-8BD4-66DFC767F6B1}
	EndProjectSection
EndProject
Project("{8BC9CEB8-8B4A-11D0-8D11-00A0C91BC942}") = "empty", "tests\empty.vcxproj", "{B7E5AD83-8840-3203-8072-D5F490C26370}"
	ProjectSection(ProjectDependencies) = postProject
		{CD195A34-3CFC-3C67-AF47-9A541D17B590} = {CD195A34-3CFC-3C67-AF47-9A541D17B590}
		{ED0F411B-0755-3511-8BD4-66DFC767F6B1} = {ED0F411B-0755-3511-8BD4-66DFC767F6B1}
	EndProjectSection
EndProject
Project("{8BC9CEB8-8B4A-11D0-8D11-00A0C91BC942}") = "events", "tests\events.vcxproj", "{2C2B672D-47DA-387A-BBDF-DCDB3DAD05FF}"
	ProjectSection(ProjectDependencies) = postProject
		{CD195A34-3CFC-3C67-AF47-9A541D17B590} = {CD195A34-3CFC-3C67-AF47-9A541D17B590}
		{ED0F411B-0755-3511-8BD4-66DFC767F6B1} = {ED0F411B-0755-3511-8BD4-66DFC767F6B1}
	EndProjectSection
EndProject
Project("{8BC9CEB8-8B4A-11D0-8D11-00A0C91BC942}") = "gamma", "tests\gamma.vcxproj", "{A97CE148-B471-32F8-BDB3-CCAFE2C5E1DD}"
	ProjectSection(ProjectDependencies) = postProject
		{CD195A34-3CFC-3C67-AF47-9A541D17B590} = {CD195A34-3CFC-3C67-AF47-9A541D17B590}
		{ED0F411B-0755-3511-8BD4-66DFC767F6B1} = {ED0F411B-0755-3511-8BD4-66DFC767F6B1}
	EndProjectSection
EndProject
Project("{8BC9CEB8-8B4A-11D0-8D11-00A0C91BC942}") = "gears", "examples\gears.vcxproj", "{C40A25E0-7144-338F-94F9-97351845BC06}"
	ProjectSection(ProjectDependencies) = postProject
		{CD195A34-3CFC-3C67-AF47-9A541D17B590} = {CD195A34-3CFC-3C67-AF47-9A541D17B590}
		{ED0F411B-0755-3511-8BD4-66DFC767F6B1} = {ED0F411B-0755-3511-8BD4-66DFC767F6B1}
	EndProjectSection
EndProject
Project("{8BC9CEB8-8B4A-11D0-8D11-00A0C91BC942}") = "glfw", "src\glfw.vcxproj", "{ED0F411B-0755-3511-8BD4-66DFC767F6B1}"
	ProjectSection(ProjectDependencies) = postProject
		{CD195A34-3CFC-3C67-AF47-9A541D17B590} = {CD195A34-3CFC-3C67-AF47-9A541D17B590}
	EndProjectSection
EndProject
Project("{8BC9CEB8-8B4A-11D0-8D11-00A0C91BC942}") = "glfwinfo", "tests\glfwinfo.vcxproj", "{251DBD77-4976-3840-AA00-8472EE0D7661}"
	ProjectSection(ProjectDependencies) = postProject
		{CD195A34-3CFC-3C67-AF47-9A541D17B590} = {CD195A34-3CFC-3C67-AF47-9A541D17B590}
		{ED0F411B-0755-3511-8BD4-66DFC767F6B1} = {ED0F411B-0755-3511-8BD4-66DFC767F6B1}
	EndProjectSection
EndProject
Project("{8BC9CEB8-8B4A-11D0-8D11-00A0C91BC942}") = "heightmap", "examples\heightmap.vcxproj", "{5A5125A2-14EC-3139-B421-6207B7C9D141}"
	ProjectSection(ProjectDependencies) = postProject
		{CD195A34-3CFC-3C67-AF47-9A541D17B590} = {CD195A34-3CFC-3C67-AF47-9A541D17B590}
		{ED0F411B-0755-3511-8BD4-66DFC767F6B1} = {ED0F411B-0755-3511-8BD4-66DFC767F6B1}
	EndProjectSection
EndProject
Project("{8BC9CEB8-8B4A-11D0-8D11-00A0C91BC942}") = "icon", "tests\icon.vcxproj", "{2932494F-5478-35DD-A2AD-D5756FB8D574}"
	ProjectSection(ProjectDependencies) = postProject
		{CD195A34-3CFC-3C67-AF47-9A541D17B590} = {CD195A34-3CFC-3C67-AF47-9A541D17B590}
		{ED0F411B-0755-3511-8BD4-66DFC767F6B1} = {ED0F411B-0755-3511-8BD4-66DFC767F6B1}
	EndProjectSection
EndProject
Project("{8BC9CEB8-8B4A-11D0-8D11-00A0C91BC942}") = "iconify", "tests\iconify.vcxproj", "{02513229-28D4-35FC-A1E0-A7D3E94C08A5}"
	ProjectSection(ProjectDependencies) = postProject
		{CD195A34-3CFC-3C67-AF47-9A541D17B590} = {CD195A34-3CFC-3C67-AF47-9A541D17B590}
		{ED0F411B-0755-3511-8BD4-66DFC767F6B1} = {ED0F411B-0755-3511-8BD4-66DFC767F6B1}
	EndProjectSection
EndProject
Project("{8BC9CEB8-8B4A-11D0-8D11-00A0C91BC942}") = "joysticks", "tests\joysticks.vcxproj", "{F5C033DC-8FFB-36BB-95C9-84C949769753}"
	ProjectSection(ProjectDependencies) = postProject
		{CD195A34-3CFC-3C67-AF47-9A541D17B590} = {CD195A34-3CFC-3C67-AF47-9A541D17B590}
		{ED0F411B-0755-3511-8BD4-66DFC767F6B1} = {ED0F411B-0755-3511-8BD4-66DFC767F6B1}
	EndProjectSection
EndProject
Project("{8BC9CEB8-8B4A-11D0-8D11-00A0C91BC942}") = "monitors", "tests\monitors.vcxproj", "{E9017E17-B68C-3B81-8863-25F710D97318}"
	ProjectSection(ProjectDependencies) = postProject
		{CD195A34-3CFC-3C67-AF47-9A541D17B590} = {CD195A34-3CFC-3C67-AF47-9A541D17B590}
		{ED0F411B-0755-3511-8BD4-66DFC767F6B1} = {ED0F411B-0755-3511-8BD4-66DFC767F6B1}
	EndProjectSection
EndProject
Project("{8BC9CEB8-8B4A-11D0-8D11-00A0C91BC942}") = "msaa", "tests\msaa.vcxproj", "{DFA9C196-9EC9-3877-8C23-4233041CFB9E}"
	ProjectSection(ProjectDependencies) = postProject
		{CD195A34-3CFC-3C67-AF47-9A541D17B590} = {CD195A34-3CFC-3C67-AF47-9A541D17B590}
		{ED0F411B-0755-3511-8BD4-66DFC767F6B1} = {ED0F411B-0755-3511-8BD4-66DFC767F6B1}
	EndProjectSection
EndProject
Project("{8BC9CEB8-8B4A-11D0-8D11-00A0C91BC942}") = "particles", "examples\particles.vcxproj", "{0CBCE9E0-A4FD-3170-8DCD-1AC3EE46D46D}"
	ProjectSection(ProjectDependencies) = postProject
		{CD195A34-3CFC-3C67-AF47-9A541D17B590} = {CD195A34-3CFC-3C67-AF47-9A541D17B590}
		{ED0F411B-0755-3511-8BD4-66DFC767F6B1} = {ED0F411B-0755-3511-8BD4-66DFC767F6B1}
	EndProjectSection
EndProject
Project("{8BC9CEB8-8B4A-11D0-8D11-00A0C91BC942}") = "reopen", "tests\reopen.vcxproj", "{13F0C87F-3B8A-39F5-BC47-0C2C3BE2943B}"
	ProjectSection(ProjectDependencies) = postProject
		{CD195A34-3CFC-3C67-AF47-9A541D17B590} = {CD195A34-3CFC-3C67-AF47-9A541D17B590}
		{ED0F411B-0755-3511-8BD4-66DFC767F6B1} = {ED0F411B-0755-3511-8BD4-66DFC767F6B1}
	EndProjectSection
EndProject
Project("{8BC9CEB8-8B4A-11D0-8D11-00A0C91BC942}") = "sharing", "tests\sharing.vcxproj", "{2FEFBA9C-310D-3B23-B60A-C60314DDE8E4}"
	ProjectSection(ProjectDependencies) = postProject
		{CD195A34-3CFC-3C67-AF47-9A541D17B590} = {CD195A34-3CFC-3C67-AF47-9A541D17B590}
		{ED0F411B-0755-3511-8BD4-66DFC767F6B1} = {ED0F411B-0755-3511-8BD4-66DFC767F6B1}
	EndProjectSection
EndProject
Project("{8BC9CEB8-8B4A-11D0-8D11-00A0C91BC942}") = "simple", "examples\simple.vcxproj", "{20C7A16D-4849-31DB-82FE-7A0C11E48EF5}"
	ProjectSection(ProjectDependencies) = postProject
		{CD195A34-3CFC-3C67-AF47-9A541D17B590} = {CD195A34-3CFC-3C67-AF47-9A541D17B590}
		{ED0F411B-0755-3511-8BD4-66DFC767F6B1} = {ED0F411B-0755-3511-8BD4-66DFC767F6B1}
	EndProjectSection
EndProject
Project("{8BC9CEB8-8B4A-11D0-8D11-00A0C91BC942}") = "splitview", "examples\splitview.vcxproj", "{1714E434-C952-3355-89E5-B1DFEFF7AADB}"
	ProjectSection(ProjectDependencies) = postProject
		{CD195A34-3CFC-3C67-AF47-9A541D17B590} = {CD195A34-3CFC-3C67-AF47-9A541D17B590}
		{ED0F411B-0755-3511-8BD4-66DFC767F6B1} = {ED0F411B-0755-3511-8BD4-66DFC767F6B1}
	EndProjectSection
EndProject
Project("{8BC9CEB8-8B4A-11D0-8D11-00A0C91BC942}") = "tearing", "tests\tearing.vcxproj", "{6AB4A626-0EF5-39D5-90C9-4F6636D9B375}"
	ProjectSection(ProjectDependencies) = postProject
		{CD195A34-3CFC-3C67-AF47-9A541D17B590} = {CD195A34-3CFC-3C67-AF47-9A541D17B590}
		{ED0F411B-0755-3511-8BD4-66DFC767F6B1} = {ED0F411B-0755-3511-8BD4-66DFC767F6B1}
	EndProjectSection
EndProject
Project("{8BC9CEB8-8B4A-11D0-8D11-00A0C91BC942}") = "threads", "tests\threads.vcxproj", "{E9523262-5DB3-31BA-B47D-CAA5ACF1221F}"
	ProjectSection(ProjectDependencies) = postProject
		{CD195A34-3CFC-3C67-AF47-9A541D17B590} = {CD195A34-3CFC-3C67-AF47-9A541D17B590}
		{ED0F411B-0755-3511-8BD4-66DFC767F6B1} = {ED0F411B-0755-3511-8BD4-66DFC767F6B1}
	EndProjectSection
EndProject
Project("{8BC9CEB8-8B4A-11D0-8D11-00A0C91BC942}") = "timeout", "tests\timeout.vcxproj", "{7B9E85B5-2421-3487-8F54-66063D13B358}"
	ProjectSection(ProjectDependencies) = postProject
		{CD195A34-3CFC-3C67-AF47-9A541D17B590} = {CD195A34-3CFC-3C67-AF47-9A541D17B590}
		{ED0F411B-0755-3511-8BD4-66DFC767F6B1} = {ED0F411B-0755-3511-8BD4-66DFC767F6B1}
	EndProjectSection
EndProject
Project("{8BC9CEB8-8B4A-11D0-8D11-00A0C91BC942}") = "title", "tests\title.vcxproj", "{70B804F9-019C-31A9-9CC5-B66422B841BF}"
	ProjectSection(ProjectDependencies) = postProject
		{CD195A34-3CFC-3C67-AF47-9A541D17B590} = {CD195A34-3CFC-3C67-AF47-9A541D17B590}
		{ED0F411B-0755-3511-8BD4-66DFC767F6B1} = {ED0F411B-0755-3511-8BD4-66DFC767F6B1}
	EndProjectSection
EndProject
Project("{8BC9CEB8-8B4A-11D0-8D11-00A0C91BC942}") = "uninstall", "uninstall.vcxproj", "{96E2BBBE-75B4-3B74-925B-E17D2B744BFD}"
	ProjectSection(ProjectDependencies) = postProject
		{CD195A34-3CFC-3C67-AF47-9A541D17B590} = {CD195A34-3CFC-3C67-AF47-9A541D17B590}
	EndProjectSection
EndProject
Project("{8BC9CEB8-8B4A-11D0-8D11-00A0C91BC942}") = "wave", "examples\wave.vcxproj", "{48453D3B-E98F-3A95-A432-5124D2590BC2}"
	ProjectSection(ProjectDependencies) = postProject
		{CD195A34-3CFC-3C67-AF47-9A541D17B590} = {CD195A34-3CFC-3C67-AF47-9A541D17B590}
		{ED0F411B-0755-3511-8BD4-66DFC767F6B1} = {ED0F411B-0755-3511-8BD4-66DFC767F6B1}
	EndProjectSection
EndProject
Project("{8BC9CEB8-8B4A-11D0-8D11-00A0C91BC942}") = "windows", "tests\windows.vcxproj", "{177D29C9-1AD6-3313-9AD0-BE2FEECDAD24}"
	ProjectSection(ProjectDependencies) = postProject
		{CD195A34-3CFC-3C67-AF47-9A541D17B590} = {CD195A34-3CFC-3C67-AF47-9A541D17B590}
		{ED0F411B-0755-3511-8BD4-66DFC767F6B1} = {ED0F411B-0755-3511-8BD4-66DFC767F6B1}
	EndProjectSection
EndProject
Global
	GlobalSection(SolutionConfigurationPlatforms) = preSolution
		Debug|Win32 = Debug|Win32
		Release|Win32 = Release|Win32
		MinSizeRel|Win32 = MinSizeRel|Win32
		RelWithDebInfo|Win32 = RelWithDebInfo|Win32
	EndGlobalSection
	GlobalSection(ProjectConfigurationPlatforms) = postSolution
		{3EA93F6B-499F-34EA-AC76-C9702CA700A5}.Debug|Win32.ActiveCfg = Debug|Win32
		{3EA93F6B-499F-34EA-AC76-C9702CA700A5}.Debug|Win32.Build.0 = Debug|Win32
		{3EA93F6B-499F-34EA-AC76-C9702CA700A5}.Release|Win32.ActiveCfg = Release|Win32
		{3EA93F6B-499F-34EA-AC76-C9702CA700A5}.Release|Win32.Build.0 = Release|Win32
		{3EA93F6B-499F-34EA-AC76-C9702CA700A5}.MinSizeRel|Win32.ActiveCfg = MinSizeRel|Win32
		{3EA93F6B-499F-34EA-AC76-C9702CA700A5}.MinSizeRel|Win32.Build.0 = MinSizeRel|Win32
		{3EA93F6B-499F-34EA-AC76-C9702CA700A5}.RelWithDebInfo|Win32.ActiveCfg = RelWithDebInfo|Win32
		{3EA93F6B-499F-34EA-AC76-C9702CA700A5}.RelWithDebInfo|Win32.Build.0 = RelWithDebInfo|Win32
		{9F6FD2B3-2946-3DCE-8D30-38167C919FDB}.Debug|Win32.ActiveCfg = Debug|Win32
		{9F6FD2B3-2946-3DCE-8D30-38167C919FDB}.Release|Win32.ActiveCfg = Release|Win32
		{9F6FD2B3-2946-3DCE-8D30-38167C919FDB}.MinSizeRel|Win32.ActiveCfg = MinSizeRel|Win32
		{9F6FD2B3-2946-3DCE-8D30-38167C919FDB}.RelWithDebInfo|Win32.ActiveCfg = RelWithDebInfo|Win32
		{CD195A34-3CFC-3C67-AF47-9A541D17B590}.Debug|Win32.ActiveCfg = Debug|Win32
		{CD195A34-3CFC-3C67-AF47-9A541D17B590}.Debug|Win32.Build.0 = Debug|Win32
		{CD195A34-3CFC-3C67-AF47-9A541D17B590}.Release|Win32.ActiveCfg = Release|Win32
		{CD195A34-3CFC-3C67-AF47-9A541D17B590}.Release|Win32.Build.0 = Release|Win32
		{CD195A34-3CFC-3C67-AF47-9A541D17B590}.MinSizeRel|Win32.ActiveCfg = MinSizeRel|Win32
		{CD195A34-3CFC-3C67-AF47-9A541D17B590}.MinSizeRel|Win32.Build.0 = MinSizeRel|Win32
		{CD195A34-3CFC-3C67-AF47-9A541D17B590}.RelWithDebInfo|Win32.ActiveCfg = RelWithDebInfo|Win32
		{CD195A34-3CFC-3C67-AF47-9A541D17B590}.RelWithDebInfo|Win32.Build.0 = RelWithDebInfo|Win32
		{16A90081-930C-3E93-9059-1B0AD50428C5}.Debug|Win32.ActiveCfg = Debug|Win32
		{16A90081-930C-3E93-9059-1B0AD50428C5}.Debug|Win32.Build.0 = Debug|Win32
		{16A90081-930C-3E93-9059-1B0AD50428C5}.Release|Win32.ActiveCfg = Release|Win32
		{16A90081-930C-3E93-9059-1B0AD50428C5}.Release|Win32.Build.0 = Release|Win32
		{16A90081-930C-3E93-9059-1B0AD50428C5}.MinSizeRel|Win32.ActiveCfg = MinSizeRel|Win32
		{16A90081-930C-3E93-9059-1B0AD50428C5}.MinSizeRel|Win32.Build.0 = MinSizeRel|Win32
		{16A90081-930C-3E93-9059-1B0AD50428C5}.RelWithDebInfo|Win32.ActiveCfg = RelWithDebInfo|Win32
		{16A90081-930C-3E93-9059-1B0AD50428C5}.RelWithDebInfo|Win32.Build.0 = RelWithDebInfo|Win32
		{6729A5DE-DC52-3521-93AF-B90B647CF0B8}.Debug|Win32.ActiveCfg = Debug|Win32
		{6729A5DE-DC52-3521-93AF-B90B647CF0B8}.Debug|Win32.Build.0 = Debug|Win32
		{6729A5DE-DC52-3521-93AF-B90B647CF0B8}.Release|Win32.ActiveCfg = Release|Win32
		{6729A5DE-DC52-3521-93AF-B90B647CF0B8}.Release|Win32.Build.0 = Release|Win32
		{6729A5DE-DC52-3521-93AF-B90B647CF0B8}.MinSizeRel|Win32.ActiveCfg = MinSizeRel|Win32
		{6729A5DE-DC52-3521-93AF-B90B647CF0B8}.MinSizeRel|Win32.Build.0 = MinSizeRel|Win32
		{6729A5DE-DC52-3521-93AF-B90B647CF0B8}.RelWithDebInfo|Win32.ActiveCfg = RelWithDebInfo|Win32
		{6729A5DE-DC52-3521-93AF-B90B647CF0B8}.RelWithDebInfo|Win32.Build.0 = RelWithDebInfo|Win32
		{52215E5B-924D-3A9D-AE64-9A7488660B57}.Debug|Win32.ActiveCfg = Debug|Win32
		{52215E5B-924D-3A9D-AE64-9A7488660B57}.Debug|Win32.Build.0 = Debug|Win32
		{52215E5B-924D-3A9D-AE64-9A7488660B57}.Release|Win32.ActiveCfg = Release|Win32
		{52215E5B-924D-3A9D-AE64-9A7488660B57}.Release|Win32.Build.0 = Release|Win32
		{52215E5B-924D-3A9D-AE64-9A7488660B57}.MinSizeRel|Win32.ActiveCfg = MinSizeRel|Win32
		{52215E5B-924D-3A9D-AE64-9A7488660B57}.MinSizeRel|Win32.Build.0 = MinSizeRel|Win32
		{52215E5B-924D-3A9D-AE64-9A7488660B57}.RelWithDebInfo|Win32.ActiveCfg = RelWithDebInfo|Win32
		{52215E5B-924D-3A9D-AE64-9A7488660B57}.RelWithDebInfo|Win32.Build.0 = RelWithDebInfo|Win32
		{B7E5AD83-8840-3203-8072-D5F490C26370}.Debug|Win32.ActiveCfg = Debug|Win32
		{B7E5AD83-8840-3203-8072-D5F490C26370}.Debug|Win32.Build.0 = Debug|Win32
		{B7E5AD83-8840-3203-8072-D5F490C26370}.Release|Win32.ActiveCfg = Release|Win32
		{B7E5AD83-8840-3203-8072-D5F490C26370}.Release|Win32.Build.0 = Release|Win32
		{B7E5AD83-8840-3203-8072-D5F490C26370}.MinSizeRel|Win32.ActiveCfg = MinSizeRel|Win32
		{B7E5AD83-8840-3203-8072-D5F490C26370}.MinSizeRel|Win32.Build.0 = MinSizeRel|Win32
		{B7E5AD83-8840-3203-8072-D5F490C26370}.RelWithDebInfo|Win32.ActiveCfg = RelWithDebInfo|Win32
		{B7E5AD83-8840-3203-8072-D5F490C26370}.RelWithDebInfo|Win32.Build.0 = RelWithDebInfo|Win32
		{2C2B672D-47DA-387A-BBDF-DCDB3DAD05FF}.Debug|Win32.ActiveCfg = Debug|Win32
		{2C2B672D-47DA-387A-BBDF-DCDB3DAD05FF}.Debug|Win32.Build.0 = Debug|Win32
		{2C2B672D-47DA-387A-BBDF-DCDB3DAD05FF}.Release|Win32.ActiveCfg = Release|Win32
		{2C2B672D-47DA-387A-BBDF-DCDB3DAD05FF}.Release|Win32.Build.0 = Release|Win32
		{2C2B672D-47DA-387A-BBDF-DCDB3DAD05FF}.MinSizeRel|Win32.ActiveCfg = MinSizeRel|Win32
		{2C2B672D-47DA-387A-BBDF-DCDB3DAD05FF}.MinSizeRel|Win32.Build.0 = MinSizeRel|Win32
		{2C2B672D-47DA-387A-BBDF-DCDB3DAD05FF}.RelWithDebInfo|Win32.ActiveCfg = RelWithDebInfo|Win32
		{2C2B672D-47DA-387A-BBDF-DCDB3DAD05FF}.RelWithDebInfo|Win32.Build.0 = RelWithDebInfo|Win32
		{A97CE148-B471-32F8-BDB3-CCAFE2C5E1DD}.Debug|Win32.ActiveCfg = Debug|Win32
		{A97CE148-B471-32F8-BDB3-CCAFE2C5E1DD}.Debug|Win32.Build.0 = Debug|Win32
		{A97CE148-B471-32F8-BDB3-CCAFE2C5E1DD}.Release|Win32.ActiveCfg = Release|Win32
		{A97CE148-B471-32F8-BDB3-CCAFE2C5E1DD}.Release|Win32.Build.0 = Release|Win32
		{A97CE148-B471-32F8-BDB3-CCAFE2C5E1DD}.MinSizeRel|Win32.ActiveCfg = MinSizeRel|Win32
		{A97CE148-B471-32F8-BDB3-CCAFE2C5E1DD}.MinSizeRel|Win32.Build.0 = MinSizeRel|Win32
		{A97CE148-B471-32F8-BDB3-CCAFE2C5E1DD}.RelWithDebInfo|Win32.ActiveCfg = RelWithDebInfo|Win32
		{A97CE148-B471-32F8-BDB3-CCAFE2C5E1DD}.RelWithDebInfo|Win32.Build.0 = RelWithDebInfo|Win32
		{C40A25E0-7144-338F-94F9-97351845BC06}.Debug|Win32.ActiveCfg = Debug|Win32
		{C40A25E0-7144-338F-94F9-97351845BC06}.Debug|Win32.Build.0 = Debug|Win32
		{C40A25E0-7144-338F-94F9-97351845BC06}.Release|Win32.ActiveCfg = Release|Win32
		{C40A25E0-7144-338F-94F9-97351845BC06}.Release|Win32.Build.0 = Release|Win32
		{C40A25E0-7144-338F-94F9-97351845BC06}.MinSizeRel|Win32.ActiveCfg = MinSizeRel|Win32
		{C40A25E0-7144-338F-94F9-97351845BC06}.MinSizeRel|Win32.Build.0 = MinSizeRel|Win32
		{C40A25E0-7144-338F-94F9-97351845BC06}.RelWithDebInfo|Win32.ActiveCfg = RelWithDebInfo|Win32
		{C40A25E0-7144-338F-94F9-97351845BC06}.RelWithDebInfo|Win32.Build.0 = RelWithDebInfo|Win32
		{ED0F411B-0755-3511-8BD4-66DFC767F6B1}.Debug|Win32.ActiveCfg = Debug|Win32
		{ED0F411B-0755-3511-8BD4-66DFC767F6B1}.Debug|Win32.Build.0 = Debug|Win32
		{ED0F411B-0755-3511-8BD4-66DFC767F6B1}.Release|Win32.ActiveCfg = Release|Win32
		{ED0F411B-0755-3511-8BD4-66DFC767F6B1}.Release|Win32.Build.0 = Release|Win32
		{ED0F411B-0755-3511-8BD4-66DFC767F6B1}.MinSizeRel|Win32.ActiveCfg = MinSizeRel|Win32
		{ED0F411B-0755-3511-8BD4-66DFC767F6B1}.MinSizeRel|Win32.Build.0 = MinSizeRel|Win32
		{ED0F411B-0755-3511-8BD4-66DFC767F6B1}.RelWithDebInfo|Win32.ActiveCfg = RelWithDebInfo|Win32
		{ED0F411B-0755-3511-8BD4-66DFC767F6B1}.RelWithDebInfo|Win32.Build.0 = RelWithDebInfo|Win32
		{251DBD77-4976-3840-AA00-8472EE0D7661}.Debug|Win32.ActiveCfg = Debug|Win32
		{251DBD77-4976-3840-AA00-8472EE0D7661}.Debug|Win32.Build.0 = Debug|Win32
		{251DBD77-4976-3840-AA00-8472EE0D7661}.Release|Win32.ActiveCfg = Release|Win32
		{251DBD77-4976-3840-AA00-8472EE0D7661}.Release|Win32.Build.0 = Release|Win32
		{251DBD77-4976-3840-AA00-8472EE0D7661}.MinSizeRel|Win32.ActiveCfg = MinSizeRel|Win32
		{251DBD77-4976-3840-AA00-8472EE0D7661}.MinSizeRel|Win32.Build.0 = MinSizeRel|Win32
		{251DBD77-4976-3840-AA00-8472EE0D7661}.RelWithDebInfo|Win32.ActiveCfg = RelWithDebInfo|Win32
		{251DBD77-4976-3840-AA00-8472EE0D7661}.RelWithDebInfo|Win32.Build.0 = RelWithDebInfo|Win32
		{5A5125A2-14EC-3139-B421-6207B7C9D141}.Debug|Win32.ActiveCfg = Debug|Win32
		{5A5125A2-14EC-3139-B421-6207B7C9D141}.Debug|Win32.Build.0 = Debug|Win32
		{5A5125A2-14EC-3139-B421-6207B7C9D141}.Release|Win32.ActiveCfg = Release|Win32
		{5A5125A2-14EC-3139-B421-6207B7C9D141}.Release|Win32.Build.0 = Release|Win32
		{5A5125A2-14EC-3139-B421-6207B7C9D141}.MinSizeRel|Win32.ActiveCfg = MinSizeRel|Win32
		{5A5125A2-14EC-3139-B421-6207B7C9D141}.MinSizeRel|Win32.Build.0 = MinSizeRel|Win32
		{5A5125A2-14EC-3139-B421-6207B7C9D141}.RelWithDebInfo|Win32.ActiveCfg = RelWithDebInfo|Win32
		{5A5125A2-14EC-3139-B421-6207B7C9D141}.RelWithDebInfo|Win32.Build.0 = RelWithDebInfo|Win32
		{2932494F-5478-35DD-A2AD-D5756FB8D574}.Debug|Win32.ActiveCfg = Debug|Win32
		{2932494F-5478-35DD-A2AD-D5756FB8D574}.Debug|Win32.Build.0 = Debug|Win32
		{2932494F-5478-35DD-A2AD-D5756FB8D574}.Release|Win32.ActiveCfg = Release|Win32
		{2932494F-5478-35DD-A2AD-D5756FB8D574}.Release|Win32.Build.0 = Release|Win32
		{2932494F-5478-35DD-A2AD-D5756FB8D574}.MinSizeRel|Win32.ActiveCfg = MinSizeRel|Win32
		{2932494F-5478-35DD-A2AD-D5756FB8D574}.MinSizeRel|Win32.Build.0 = MinSizeRel|Win32
		{2932494F-5478-35DD-A2AD-D5756FB8D574}.RelWithDebInfo|Win32.ActiveCfg = RelWithDebInfo|Win32
		{2932494F-5478-35DD-A2AD-D5756FB8D574}.RelWithDebInfo|Win32.Build.0 = RelWithDebInfo|Win32
		{02513229-28D4-35FC-A1E0-A7D3E94C08A5}.Debug|Win32.ActiveCfg = Debug|Win32
		{02513229-28D4-35FC-A1E0-A7D3E94C08A5}.Debug|Win32.Build.0 = Debug|Win32
		{02513229-28D4-35FC-A1E0-A7D3E94C08A5}.Release|Win32.ActiveCfg = Release|Win32
		{02513229-28D4-35FC-A1E0-A7D3E94C08A5}.Release|Win32.Build.0 = Release|Win32
		{02513229-28D4-35FC-A1E0-A7D3E94C08A5}.MinSizeRel|Win32.ActiveCfg = MinSizeRel|Win32
		{02513229-28D4-35FC-A1E0-A7D3E94C08A5}.MinSizeRel|Win32.Build.0 = MinSizeRel|Win32
		{02513229-28D4-35FC-A1E0-A7D3E94C08A5}.RelWithDebInfo|Win32.ActiveCfg = RelWithDebInfo|Win32
		{02513229-28D4-35FC-A1E0-A7D3E94C08A5}.RelWithDebInfo|Win32.Build.0 = RelWithDebInfo|Win32
		{F5C033DC-8FFB-36BB-95C9-84C949769753}.Debug|Win32.ActiveCfg = Debug|Win32
		{F5C033DC-8FFB-36BB-95C9-84C949769753}.Debug|Win32.Build.0 = Debug|Win32
		{F5C033DC-8FFB-36BB-95C9-84C949769753}.Release|Win32.ActiveCfg = Release|Win32
		{F5C033DC-8FFB-36BB-95C9-84C949769753}.Release|Win32.Build.0 = Release|Win32
		{F5C033DC-8FFB-36BB-95C9-84C949769753}.MinSizeRel|Win32.ActiveCfg = MinSizeRel|Win32
		{F5C033DC-8FFB-36BB-95C9-84C949769753}.MinSizeRel|Win32.Build.0 = MinSizeRel|Win32
		{F5C033DC-8FFB-36BB-95C9-84C949769753}.RelWithDebInfo|Win32.ActiveCfg = RelWithDebInfo|Win32
		{F5C033DC-8FFB-36BB-95C9-84C949769753}.RelWithDebInfo|Win32.Build.0 = RelWithDebInfo|Win32
		{E9017E17-B68C-3B81-8863-25F710D97318}.Debug|Win32.ActiveCfg = Debug|Win32
		{E9017E17-B68C-3B81-8863-25F710D97318}.Debug|Win32.Build.0 = Debug|Win32
		{E9017E17-B68C-3B81-8863-25F710D97318}.Release|Win32.ActiveCfg = Release|Win32
		{E9017E17-B68C-3B81-8863-25F710D97318}.Release|Win32.Build.0 = Release|Win32
		{E9017E17-B68C-3B81-8863-25F710D97318}.MinSizeRel|Win32.ActiveCfg = MinSizeRel|Win32
		{E9017E17-B68C-3B81-8863-25F710D97318}.MinSizeRel|Win32.Build.0 = MinSizeRel|Win32
		{E9017E17-B68C-3B81-8863-25F710D97318}.RelWithDebInfo|Win32.ActiveCfg = RelWithDebInfo|Win32
		{E9017E17-B68C-3B81-8863-25F710D97318}.RelWithDebInfo|Win32.Build.0 = RelWithDebInfo|Win32
		{DFA9C196-9EC9-3877-8C23-4233041CFB9E}.Debug|Win32.ActiveCfg = Debug|Win32
		{DFA9C196-9EC9-3877-8C23-4233041CFB9E}.Debug|Win32.Build.0 = Debug|Win32
		{DFA9C196-9EC9-3877-8C23-4233041CFB9E}.Release|Win32.ActiveCfg = Release|Win32
		{DFA9C196-9EC9-3877-8C23-4233041CFB9E}.Release|Win32.Build.0 = Release|Win32
		{DFA9C196-9EC9-3877-8C23-4233041CFB9E}.MinSizeRel|Win32.ActiveCfg = MinSizeRel|Win32
		{DFA9C196-9EC9-3877-8C23-4233041CFB9E}.MinSizeRel|Win32.Build.0 = MinSizeRel|Win32
		{DFA9C196-9EC9-3877-8C23-4233041CFB9E}.RelWithDebInfo|Win32.ActiveCfg = RelWithDebInfo|Win32
		{DFA9C196-9EC9-3877-8C23-4233041CFB9E}.RelWithDebInfo|Win32.Build.0 = RelWithDebInfo|Win32
		{0CBCE9E0-A4FD-3170-8DCD-1AC3EE46D46D}.Debug|Win32.ActiveCfg = Debug|Win32
		{0CBCE9E0-A4FD-3170-8DCD-1AC3EE46D46D}.Debug|Win32.Build.0 = Debug|Win32
		{0CBCE9E0-A4FD-3170-8DCD-1AC3EE46D46D}.Release|Win32.ActiveCfg = Release|Win32
		{0CBCE9E0-A4FD-3170-8DCD-1AC3EE46D46D}.Release|Win32.Build.0 = Release|Win32
		{0CBCE9E0-A4FD-3170-8DCD-1AC3EE46D46D}.MinSizeRel|Win32.ActiveCfg = MinSizeRel|Win32
		{0CBCE9E0-A4FD-3170-8DCD-1AC3EE46D46D}.MinSizeRel|Win32.Build.0 = MinSizeRel|Win32
		{0CBCE9E0-A4FD-3170-8DCD-1AC3EE46D46D}.RelWithDebInfo|Win32.ActiveCfg = RelWithDebInfo|Win32
		{0CBCE9E0-A4FD-3170-8DCD-1AC3EE46D46D}.RelWithDebInfo|Win32.Build.0 = RelWithDebInfo|Win32
		{13F0C87F-3B8A-39F5-BC47-0C2C3BE2943B}.Debug|Win32.ActiveCfg = Debug|Win32
		{13F0C87F-3B8A-39F5-BC47-0C2C3BE2943B}.Debug|Win32.Build.0 = Debug|Win32
		{13F0C87F-3B8A-39F5-BC47-0C2C3BE2943B}.Release|Win32.ActiveCfg = Release|Win32
		{13F0C87F-3B8A-39F5-BC47-0C2C3BE2943B}.Release|Win32.Build.0 = Release|Win32
		{13F0C87F-3B8A-39F5-BC47-0C2C3BE2943B}.MinSizeRel|Win32.ActiveCfg = MinSizeRel|Win32
		{13F0C87F-3B8A-39F5-BC47-0C2C3BE2943B}.MinSizeRel|Win32.Build.0 = MinSizeRel|Win32
		{13F0C87F-3B8A-39F5-BC47-0C2C3BE2943B}.RelWithDebInfo|Win32.ActiveCfg = RelWithDebInfo|Win32
		{13F0C87F-3B8A-39F5-BC47-0C2C3BE2943B}.RelWithDebInfo|Win32.Build.0 = RelWithDebInfo|Win32
		{2FEFBA9C-310D-3B23-B60A-C60314DDE8E4}.Debug|Win32.ActiveCfg = Debug|Win32
		{2FEFBA9C-310D-3B23-B60A-C60314DDE8E4}.Debug|Win32.Build.0 = Debug|Win32
		{2FEFBA9C-310D-3B23-B60A-C60314DDE8E4}.Release|Win32.ActiveCfg = Release|Win32
		{2FEFBA9C-310D-3B23-B60A-C60314DDE8E4}.Release|Win32.Build.0 = Release|Win32
		{2FEFBA9C-310D-3B23-B60A-C60314DDE8E4}.MinSizeRel|Win32.ActiveCfg = MinSizeRel|Win32
		{2FEFBA9C-310D-3B23-B60A-C60314DDE8E4}.MinSizeRel|Win32.Build.0 = MinSizeRel|Win32
		{2FEFBA9C-310D-3B23-B60A-C60314DDE8E4}.RelWithDebInfo|Win32.ActiveCfg = RelWithDebInfo|Win32
		{2FEFBA9C-310D-3B23-B60A-C60314DDE8E4}.RelWithDebInfo|Win32.Build.0 = RelWithDebInfo|Win32
		{20C7A16D-4849-31DB-82FE-7A0C11E48EF5}.Debug|Win32.ActiveCfg = Debug|Win32
		{20C7A16D-4849-31DB-82FE-7A0C11E48EF5}.Debug|Win32.Build.0 = Debug|Win32
		{20C7A16D-4849-31DB-82FE-7A0C11E48EF5}.Release|Win32.ActiveCfg = Release|Win32
		{20C7A16D-4849-31DB-82FE-7A0C11E48EF5}.Release|Win32.Build.0 = Release|Win32
		{20C7A16D-4849-31DB-82FE-7A0C11E48EF5}.MinSizeRel|Win32.ActiveCfg = MinSizeRel|Win32
		{20C7A16D-4849-31DB-82FE-7A0C11E48EF5}.MinSizeRel|Win32.Build.0 = MinSizeRel|Win32
		{20C7A16D-4849-31DB-82FE-7A0C11E48EF5}.RelWithDebInfo|Win32.ActiveCfg = RelWithDebInfo|Win32
		{20C7A16D-4849-31DB-82FE-7A0C11E48EF5}.RelWithDebInfo|Win32.Build.0 = RelWithDebInfo|Win32
		{1714E434-C952-3355-89E5-B1DFEFF7AADB}.Debug|Win32.ActiveCfg = Debug|Win32
		{1714E434-C952-3355-89E5-B1DFEFF7AADB}.Debug|Win32.Build.0 = Debug|Win32
		{1714E434-C952-3355-89E5-B1DFEFF7AADB}.Release|Win32.ActiveCfg = Release|Win32
		{1714E434-C952-3355-89E5-B1DFEFF7AADB}.Release|Win32.Build.0 = Release|Win32
		{1714E434-C952-3355-89E5-B1DFEFF7AADB}.MinSizeRel|Win32.ActiveCfg = MinSizeRel|Win32
		{1714E434-C952-3355-89E5-B1DFEFF7AADB}.MinSizeRel|Win32.Build.0 = MinSizeRel|Win32
		{1714E434-C952-3355-89E5-B1DFEFF7AADB}.RelWithDebInfo|Win32.ActiveCfg = RelWithDebInfo|Win32
		{1714E434-C952-3355-89E5-B1DFEFF7AADB}.RelWithDebInfo|Win32.Build.0 = RelWithDebInfo|Win32
		{6AB4A626-0EF5-39D5-90C9-4F6636D9B375}.Debug|Win32.ActiveCfg = Debug|Win32
		{6AB4A626-0EF5-39D5-90C9-4F6636D9B375}.Debug|Win32.Build.0 = Debug|Win32
		{6AB4A626-0EF5-39D5-90C9-4F6636D9B375}.Release|Win32.ActiveCfg = Release|Win32
		{6AB4A626-0EF5-39D5-90C9-4F6636D9B375}.Release|Win32.Build.0 = Release|Win32
		{6AB4A626-0EF5-39D5-90C9-4F6636D9B375}.MinSizeRel|Win32.ActiveCfg = MinSizeRel|Win32
		{6AB4A626-0EF5-39D5-90C9-4F6636D9B375}.MinSizeRel|Win32.Build.0 = MinSizeRel|Win32
		{6AB4A626-0EF5-39D5-90C9-4F6636D9B375}.RelWithDebInfo|Win32.ActiveCfg = RelWithDebInfo|Win32
		{6AB4A626-0EF5-39D5-90C9-4F6636D9B375}.RelWithDebInfo|Win32.Build.0 = RelWithDebInfo|Win32
		{E9523262-5DB3-31BA-B47D-CAA5ACF1221F}.Debug|Win32.ActiveCfg = Debug|Win32
		{E9523262-5DB3-31BA-B47D-CAA5ACF1221F}.Debug|Win32.Build.0 = Debug|Win32
		{E9523262-5DB3-31BA-B47D-CAA5ACF1221F}.Release|Win32.ActiveCfg = Release|Win32
		{E9523262-5DB3-31BA-B47D-CAA5ACF1221F}.Release|Win32.Build.0 = Release|Win32
		{E9523262-5DB3-31BA-B47D-CAA5ACF1221F}.MinSizeRel|Win32.ActiveCfg = MinSizeRel|Win32
		{E9523262-5DB3-31BA-B47D-CAA5ACF1221F}.MinSizeRel|Win32.Build.0 = MinSizeRel|Win32
		{E9523262-5DB3-31BA-B47D-CAA5ACF1221F}.RelWithDebInfo|Win32.ActiveCfg = RelWithDebInfo|Win32
		{E9523262-5DB3-31BA-B47D-CAA5ACF1221F}.RelWithDebInfo|Win32.Build.0 = RelWithDebInfo|Win32
		{7B9E85B5-2421-3487-8F54-66063D13B358}.Debug|Win32.ActiveCfg = Debug|Win32
		{7B9E85B5-2421-3487-8F54-66063D13B358}.Debug|Win32.Build.0 = Debug|Win32
		{7B9E85B5-2421-3487-8F54-66063D13B358}.Release|Win32.ActiveCfg = Release|Win32
		{7B9E85B5-2421-3487-8F54-66063D13B358}.Release|Win32.Build.0 = Release|Win32
		{7B9E85B5-2421-3487-8F54-66063D13B358}.MinSizeRel|Win32.ActiveCfg = MinSizeRel|Win32
		{7B9E85B5-2421-3487-8F54-66063D13B358}.MinSizeRel|Win32.Build.0 = MinSizeRel|Win32
		{7B9E85B5-2421-3487-8F54-66063D13B358}.RelWithDebInfo|Win32.ActiveCfg = RelWithDebInfo|Win32
		{7B9E85B5-2421-3487-8F54-66063D13B358}.RelWithDebInfo|Win32.Build.0 = RelWithDebInfo|Win32
		{70B804F9-019C-31A9-9CC5-B66422B841BF}.Debug|Win32.ActiveCfg = Debug|Win32
		{70B804F9-019C-31A9-9CC5-B66422B841BF}.Debug|Win32.Build.0 = Debug|Win32
		{70B804F9-019C-31A9-9CC5-B66422B841BF}.Release|Win32.ActiveCfg = Release|Win32
		{70B804F9-019C-31A9-9CC5-B66422B841BF}.Release|Win32.Build.0 = Release|Win32
		{70B804F9-019C-31A9-9CC5-B66422B841BF}.MinSizeRel|Win32.ActiveCfg = MinSizeRel|Win32
		{70B804F9-019C-31A9-9CC5-B66422B841BF}.MinSizeRel|Win32.Build.0 = MinSizeRel|Win32
		{70B804F9-019C-31A9-9CC5-B66422B841BF}.RelWithDebInfo|Win32.ActiveCfg = RelWithDebInfo|Win32
		{70B804F9-019C-31A9-9CC5-B66422B841BF}.RelWithDebInfo|Win32.Build.0 = RelWithDebInfo|Win32
		{96E2BBBE-75B4-3B74-925B-E17D2B744BFD}.Debug|Win32.ActiveCfg = Debug|Win32
		{96E2BBBE-75B4-3B74-925B-E17D2B744BFD}.Release|Win32.ActiveCfg = Release|Win32
		{96E2BBBE-75B4-3B74-925B-E17D2B744BFD}.MinSizeRel|Win32.ActiveCfg = MinSizeRel|Win32
		{96E2BBBE-75B4-3B74-925B-E17D2B744BFD}.RelWithDebInfo|Win32.ActiveCfg = RelWithDebInfo|Win32
		{48453D3B-E98F-3A95-A432-5124D2590BC2}.Debug|Win32.ActiveCfg = Debug|Win32
		{48453D3B-E98F-3A95-A432-5124D2590BC2}.Debug|Win32.Build.0 = Debug|Win32
		{48453D3B-E98F-3A95-A432-5124D2590BC2}.Release|Win32.ActiveCfg = Release|Win32
		{48453D3B-E98F-3A95-A432-5124D2590BC2}.Release|Win32.Build.0 = Release|Win32
		{48453D3B-E98F-3A95-A432-5124D2590BC2}.MinSizeRel|Win32.ActiveCfg = MinSizeRel|Win32
		{48453D3B-E98F-3A95-A432-5124D2590BC2}.MinSizeRel|Win32.Build.0 = MinSizeRel|Win32
		{48453D3B-E98F-3A95-A432-5124D2590BC2}.RelWithDebInfo|Win32.ActiveCfg = RelWithDebInfo|Win32
		{48453D3B-E98F-3A95-A432-5124D2590BC2}.RelWithDebInfo|Win32.Build.0 = RelWithDebInfo|Win32
		{177D29C9-1AD6-3313-9AD0-BE2FEECDAD24}.Debug|Win32.ActiveCfg = Debug|Win32
		{177D29C9-1AD6-3313-9AD0-BE2FEECDAD24}.Debug|Win32.Build.0 = Debug|Win32
		{177D29C9-1AD6-3313-9AD0-BE2FEECDAD24}.Release|Win32.ActiveCfg = Release|Win32
		{177D29C9-1AD6-3313-9AD0-BE2FEECDAD24}.Release|Win32.Build.0 = Release|Win32
		{177D29C9-1AD6-3313-9AD0-BE2FEECDAD24}.MinSizeRel|Win32.ActiveCfg = MinSizeRel|Win32
		{177D29C9-1AD6-3313-9AD0-BE2FEECDAD24}.MinSizeRel|Win32.Build.0 = MinSizeRel|Win32
		{177D29C9-1AD6-3313-9AD0-BE2FEECDAD24}.RelWithDebInfo|Win32.ActiveCfg = RelWithDebInfo|Win32
		{177D29C9-1AD6-3313-9AD0-BE2FEECDAD24}.RelWithDebInfo|Win32.Build.0 = RelWithDebInfo|Win32
	EndGlobalSection
	GlobalSection(NestedProjects) = preSolution
		{3EA93F6B-499F-34EA-AC76-C9702CA700A5} = {0FF46F40-297F-3DE6-A30A-D5D9CE374B14}
		{9F6FD2B3-2946-3DCE-8D30-38167C919FDB} = {0FF46F40-297F-3DE6-A30A-D5D9CE374B14}
		{CD195A34-3CFC-3C67-AF47-9A541D17B590} = {0FF46F40-297F-3DE6-A30A-D5D9CE374B14}
		{EF5645F1-C900-3B81-8E03-091C19E84528} = {2F573DB4-15DC-314F-95E7-CB12DFC292FE}
		{033754FE-C5AB-3834-A843-F7E6C7A459F0} = {2F573DB4-15DC-314F-95E7-CB12DFC292FE}
		{ED0F411B-0755-3511-8BD4-66DFC767F6B1} = {2F573DB4-15DC-314F-95E7-CB12DFC292FE}
		{16A90081-930C-3E93-9059-1B0AD50428C5} = {EF5645F1-C900-3B81-8E03-091C19E84528}
		{C40A25E0-7144-338F-94F9-97351845BC06} = {EF5645F1-C900-3B81-8E03-091C19E84528}
		{5A5125A2-14EC-3139-B421-6207B7C9D141} = {EF5645F1-C900-3B81-8E03-091C19E84528}
		{0CBCE9E0-A4FD-3170-8DCD-1AC3EE46D46D} = {EF5645F1-C900-3B81-8E03-091C19E84528}
		{20C7A16D-4849-31DB-82FE-7A0C11E48EF5} = {EF5645F1-C900-3B81-8E03-091C19E84528}
		{1714E434-C952-3355-89E5-B1DFEFF7AADB} = {EF5645F1-C900-3B81-8E03-091C19E84528}
		{48453D3B-E98F-3A95-A432-5124D2590BC2} = {EF5645F1-C900-3B81-8E03-091C19E84528}
		{6729A5DE-DC52-3521-93AF-B90B647CF0B8} = {033754FE-C5AB-3834-A843-F7E6C7A459F0}
		{52215E5B-924D-3A9D-AE64-9A7488660B57} = {033754FE-C5AB-3834-A843-F7E6C7A459F0}
		{B7E5AD83-8840-3203-8072-D5F490C26370} = {033754FE-C5AB-3834-A843-F7E6C7A459F0}
		{2C2B672D-47DA-387A-BBDF-DCDB3DAD05FF} = {033754FE-C5AB-3834-A843-F7E6C7A459F0}
		{A97CE148-B471-32F8-BDB3-CCAFE2C5E1DD} = {033754FE-C5AB-3834-A843-F7E6C7A459F0}
		{251DBD77-4976-3840-AA00-8472EE0D7661} = {033754FE-C5AB-3834-A843-F7E6C7A459F0}
		{2932494F-5478-35DD-A2AD-D5756FB8D574} = {033754FE-C5AB-3834-A843-F7E6C7A459F0}
		{02513229-28D4-35FC-A1E0-A7D3E94C08A5} = {033754FE-C5AB-3834-A843-F7E6C7A459F0}
		{F5C033DC-8FFB-36BB-95C9-84C949769753} = {033754FE-C5AB-3834-A843-F7E6C7A459F0}
		{E9017E17-B68C-3B81-8863-25F710D97318} = {033754FE-C5AB-3834-A843-F7E6C7A459F0}
		{DFA9C196-9EC9-3877-8C23-4233041CFB9E} = {033754FE-C5AB-3834-A843-F7E6C7A459F0}
		{13F0C87F-3B8A-39F5-BC47-0C2C3BE2943B} = {033754FE-C5AB-3834-A843-F7E6C7A459F0}
		{2FEFBA9C-310D-3B23-B60A-C60314DDE8E4} = {033754FE-C5AB-3834-A843-F7E6C7A459F0}
		{6AB4A626-0EF5-39D5-90C9-4F6636D9B375} = {033754FE-C5AB-3834-A843-F7E6C7A459F0}
		{E9523262-5DB3-31BA-B47D-CAA5ACF1221F} = {033754FE-C5AB-3834-A843-F7E6C7A459F0}
		{7B9E85B5-2421-3487-8F54-66063D13B358} = {033754FE-C5AB-3834-A843-F7E6C7A459F0}
		{70B804F9-019C-31A9-9CC5-B66422B841BF} = {033754FE-C5AB-3834-A843-F7E6C7A459F0}
		{177D29C9-1AD6-3313-9AD0-BE2FEECDAD24} = {033754FE-C5AB-3834-A843-F7E6C7A459F0}
	EndGlobalSection
	GlobalSection(ExtensibilityGlobals) = postSolution
	EndGlobalSection
	GlobalSection(ExtensibilityAddIns) = postSolution
	EndGlobalSection
EndGlobal
